
Microsoft Visual Studio Solution File, Format Version 12.00
# Visual Studio Version 17
VisualStudioVersion = 17.7.34221.43
MinimumVisualStudioVersion = 10.0.40219.1
Project("{FAE04EC0-301F-11D3-BF4B-00C04F79EFBC}") = "CalculatorAssignment", "CalculatorAssignment\CalculatorAssignment.csproj", "{0D473921-92BC-479B-83A6-0C3929AB756F}"
EndProject
Project("{FAE04EC0-301F-11D3-BF4B-00C04F79EFBC}") = "SpecFlowProjectCalc", "SpecFlowProjectCalc\SpecFlowProjectCalc.csproj", "{094A9FD5-2788-49AB-A434-159C0644910F}"
EndProject
Global
	GlobalSection(SolutionConfigurationPlatforms) = preSolution
		Debug|Any CPU = Debug|Any CPU
		Release|Any CPU = Release|Any CPU
	EndGlobalSection
	GlobalSection(ProjectConfigurationPlatforms) = postSolution
		{0D473921-92BC-479B-83A6-0C3929AB756F}.Debug|Any CPU.ActiveCfg = Debug|Any CPU
		{0D473921-92BC-479B-83A6-0C3929AB756F}.Debug|Any CPU.Build.0 = Debug|Any CPU
		{0D473921-92BC-479B-83A6-0C3929AB756F}.Release|Any CPU.ActiveCfg = Release|Any CPU
		{0D473921-92BC-479B-83A6-0C3929AB756F}.Release|Any CPU.Build.0 = Release|Any CPU
		{094A9FD5-2788-49AB-A434-159C0644910F}.Debug|Any CPU.ActiveCfg = Debug|Any CPU
		{094A9FD5-2788-49AB-A434-159C0644910F}.Debug|Any CPU.Build.0 = Debug|Any CPU
		{094A9FD5-2788-49AB-A434-159C0644910F}.Release|Any CPU.ActiveCfg = Release|Any CPU
		{094A9FD5-2788-49AB-A434-159C0644910F}.Release|Any CPU.Build.0 = Release|Any CPU
	EndGlobalSection
	GlobalSection(SolutionProperties) = preSolution
		HideSolutionNode = FALSE
	EndGlobalSection
	GlobalSection(ExtensibilityGlobals) = postSolution
		SolutionGuid = {F0E9A7E8-9729-4DE9-9BA4-E5C8B3B2947F}
	EndGlobalSection
EndGlobal
